Microsoft Visual Studio Solution File, Format Version 12.00
# Visual Studio Version 17
VisualStudioVersion = 17.0.31903.59
MinimumVisualStudioVersion = 10.0.40219.1
Project("{FAE04EC0-301F-11D3-BF4B-00C04F79EFBC}") = "MiyaIsland", "MiyaIsland.csproj", "{A5B2AFB0-74E4-49B4-84A1-27C5B05F7299}"
EndProject
Global
	GlobalSection(SolutionConfigurationPlatforms) = preSolution
		Debug|Any CPU = Debug|Any CPU
		Release|Any CPU = Release|Any CPU
	EndGlobalSection
	GlobalSection(ProjectConfigurationPlatforms) = postSolution
		{A5B2AFB0-74E4-49B4-84A1-27C5B05F7299}.Debug|Any CPU.ActiveCfg = Debug|Any CPU
		{A5B2AFB0-74E4-49B4-84A1-27C5B05F7299}.Debug|Any CPU.Build.0 = Debug|Any CPU
		{A5B2AFB0-74E4-49B4-84A1-27C5B05F7299}.Release|Any CPU.ActiveCfg = Release|Any CPU
		{A5B2AFB0-74E4-49B4-84A1-27C5B05F7299}.Release|Any CPU.Build.0 = Release|Any CPU
	EndGlobalSection
EndGlobal
